// !$*UTF8*$!
{
	archiveVersion = 1;
	classes = {
	};
	objectVersion = 46;
	objects = {

/* Begin PBXBuildFile section */
		304D60F31CF6423700694255 /* AppDelegate.swift in Sources */ = {isa = PBXBuildFile; fileRef = 304D60F21CF6423700694255 /* AppDelegate.swift */; };
		304D60F51CF6423700694255 /* ViewController.swift in Sources */ = {isa = PBXBuildFile; fileRef = 304D60F41CF6423700694255 /* ViewController.swift */; };
		304D60F81CF6423700694255 /* Main.storyboard in Resources */ = {isa = PBXBuildFile; fileRef = 304D60F61CF6423700694255 /* Main.storyboard */; };
		304D60FA1CF6423700694255 /* Assets.xcassets in Resources */ = {isa = PBXBuildFile; fileRef = 304D60F91CF6423700694255 /* Assets.xcassets */; };
		304D60FD1CF6423700694255 /* LaunchScreen.storyboard in Resources */ = {isa = PBXBuildFile; fileRef = 304D60FB1CF6423700694255 /* LaunchScreen.storyboard */; };
/* End PBXBuildFile section */

/* Begin PBXFileReference section */
		304D60EF1CF6423700694255 /* ProgrammaticalCameraViewController.app */ = {isa = PBXFileReference; explicitFileType = wrapper.application; includeInIndex = 0; path = ProgrammaticalCameraViewController.app; sourceTree = BUILT_PRODUCTS_DIR; };
		304D60F21CF6423700694255 /* AppDelegate.swift */ = {isa = PBXFileReference; lastKnownFileType = sourcecode.swift; path = AppDelegate.swift; sourceTree = "<group>"; };
		304D60F41CF6423700694255 /* ViewController.swift */ = {isa = PBXFileReference; lastKnownFileType = sourcecode.swift; path = ViewController.swift; sourceTree = "<group>"; };
		304D60F71CF6423700694255 /* Base */ = {isa = PBXFileReference; lastKnownFileType = file.storyboard; name = Base; path = Base.lproj/Main.storyboard; sourceTree = "<group>"; };
		304D60F91CF6423700694255 /* Assets.xcassets */ = {isa = PBXFileReference; lastKnownFileType = folder.assetcatalog; path = Assets.xcassets; sourceTree = "<group>"; };
		304D60FC1CF6423700694255 /* Base */ = {isa = PBXFileReference; lastKnownFileType = file.storyboard; name = Base; path = Base.lproj/LaunchScreen.storyboard; sourceTree = "<group>"; };
		304D60FE1CF6423700694255 /* Info.plist */ = {isa = PBXFileReference; lastKnownFileType = text.plist.xml; path = Info.plist; sourceTree = "<group>"; };
/* End PBXFileReference section */

/* Begin PBXFrameworksBuildPhase section */
		304D60EC1CF6423700694255 /* Frameworks */ = {
			isa = PBXFrameworksBuildPhase;
			buildActionMask = 2147483647;
			files = (
			);
			runOnlyForDeploymentPostprocessing = 0;
		};
/* End PBXFrameworksBuildPhase section */

/* Begin PBXGroup section */
		304D60E61CF6423700694255 = {
			isa = PBXGroup;
			children = (
				304D60F11CF6423700694255 /* ProgrammaticalCameraViewController */,
				304D60F01CF6423700694255 /* Products */,
			);
			sourceTree = "<group>";
		};
		304D60F01CF6423700694255 /* Products */ = {
			isa = PBXGroup;
			children = (
				304D60EF1CF6423700694255 /* ProgrammaticalCameraViewController.app */,
			);
			name = Products;
			sourceTree = "<group>";
		};
		304D60F11CF6423700694255 /* ProgrammaticalCameraViewController */ = {
			isa = PBXGroup;
			children = (
				304D60F21CF6423700694255 /* AppDelegate.swift */,
				304D60F41CF6423700694255 /* ViewController.swift */,
				304D60F61CF6423700694255 /* Main.storyboard */,
				304D60F91CF6423700694255 /* Assets.xcassets */,
				304D60FB1CF6423700694255 /* LaunchScreen.storyboard */,
				304D60FE1CF6423700694255 /* Info.plist */,
			);
			path = ProgrammaticalCameraViewController;
			sourceTree = "<group>";
		};
/* End PBXGroup section */

/* Begin PBXNativeTarget section */
		304D60EE1CF6423700694255 /* ProgrammaticalCameraViewController */ = {
			isa = PBXNativeTarget;
			buildConfigurationList = 304D61011CF6423700694255 /* Build configuration list for PBXNativeTarget "ProgrammaticalCameraViewController" */;
			buildPhases = (
				304D60EB1CF6423700694255 /* Sources */,
				304D60EC1CF6423700694255 /* Frameworks */,
				304D60ED1CF6423700694255 /* Resources */,
			);
			buildRules = (
			);
			dependencies = (
			);
			name = ProgrammaticalCameraViewController;
			productName = ProgrammaticalCameraViewController;
			productReference = 304D60EF1CF6423700694255 /* ProgrammaticalCameraViewController.app */;
			productType = "com.apple.product-type.application";
		};
/* End PBXNativeTarget section */

/* Begin PBXProject section */
		304D60E71CF6423700694255 /* Project object */ = {
			isa = PBXProject;
			attributes = {
				LastSwiftUpdateCheck = 0730;
				LastUpgradeCheck = 0730;
				ORGANIZATIONNAME = "Roman Salazar Lopez";
				TargetAttributes = {
					304D60EE1CF6423700694255 = {
						CreatedOnToolsVersion = 7.3.1;
						DevelopmentTeam = C8LRG9WET8;
					};
				};
			};
			buildConfigurationList = 304D60EA1CF6423700694255 /* Build configuration list for PBXProject "ProgrammaticalCameraViewController" */;
			compatibilityVersion = "Xcode 3.2";
			developmentRegion = English;
			hasScannedForEncodings = 0;
			knownRegions = (
				en,
				Base,
			);
			mainGroup = 304D60E61CF6423700694255;
			productRefGroup = 304D60F01CF6423700694255 /* Products */;
			projectDirPath = "";
			projectRoot = "";
			targets = (
				304D60EE1CF6423700694255 /* ProgrammaticalCameraViewController */,
			);
		};
/* End PBXProject section */

/* Begin PBXResourcesBuildPhase section */
		304D60ED1CF6423700694255 /* Resources */ = {
			isa = PBXResourcesBuildPhase;
			buildActionMask = 2147483647;
			files = (
				304D60FD1CF6423700694255 /* LaunchScreen.storyboard in Resources */,
				304D60FA1CF6423700694255 /* Assets.xcassets in Resources */,
				304D60F81CF6423700694255 /* Main.storyboard in Resources */,
			);
			runOnlyForDeploymentPostprocessing = 0;
		};
/* End PBXResourcesBuildPhase section */

/* Begin PBXSourcesBuildPhase section */
		304D60EB1CF6423700694255 /* Sources */ = {
			isa = PBXSourcesBuildPhase;
			buildActionMask = 2147483647;
			files = (
				304D60F51CF6423700694255 /* ViewController.swift in Sources */,
				304D60F31CF6423700694255 /* AppDelegate.swift in Sources */,
			);
			runOnlyForDeploymentPostprocessing = 0;
		};
/* End PBXSourcesBuildPhase section */

/* Begin PBXVariantGroup section */
		304D60F61CF6423700694255 /* Main.storyboard */ = {
			isa = PBXVariantGroup;
			children = (
				304D60F71CF6423700694255 /* Base */,
			);
			name = Main.storyboard;
			sourceTree = "<group>";
		};
		304D60FB1CF6423700694255 /* LaunchScreen.storyboard */ = {
			isa = PBXVariantGroup;
			children = (
				304D60FC1CF6423700694255 /* Base */,
			);
			name = LaunchScreen.storyboard;
			sourceTree = "<group>";
		};
/* End PBXVariantGroup section */

/* Begin XCBuildConfiguration section */
		304D60FF1CF6423700694255 /* Debug */ = {
			isa = XCBuildConfiguration;
			buildSettings = {
				ALWAYS_SEARCH_USER_PATHS = NO;
				CLANG_ANALYZER_NONNULL = YES;
				CLANG_CXX_LANGUAGE_STANDARD = "gnu++0x";
				CLANG_CXX_LIBRARY = "libc++";
				CLANG_ENABLE_MODULES = YES;
				CLANG_ENABLE_OBJC_ARC = YES;
				CLANG_WARN_BOOL_CONVERSION = YES;
				CLANG_WARN_CONSTANT_CONVERSION = YES;
				CLANG_WARN_DIRECT_OBJC_ISA_USAGE = YES_ERROR;
				CLANG_WARN_EMPTY_BODY = YES;
				CLANG_WARN_ENUM_CONVERSION = YES;
				CLANG_WARN_INT_CONVERSION = YES;
				CLANG_WARN_OBJC_ROOT_CLASS = YES_ERROR;
				CLANG_WARN_UNREACHABLE_CODE = YES;
				CLANG_WARN__DUPLICATE_METHOD_MATCH = YES;
				"CODE_SIGN_IDENTITY[sdk=iphoneos*]" = "iPhone Developer";
				COPY_PHASE_STRIP = NO;
				DEBUG_INFORMATION_FORMAT = dwarf;
				ENABLE_STRICT_OBJC_MSGSEND = YES;
				ENABLE_TESTABILITY = YES;
				GCC_C_LANGUAGE_STANDARD = gnu99;
				GCC_DYNAMIC_NO_PIC = NO;
				GCC_NO_COMMON_BLOCKS = YES;
				GCC_OPTIMIZATION_LEVEL = 0;
				GCC_PREPROCESSOR_DEFINITIONS = (
					"DEBUG=1",
					"$(inherited)",
				);
				GCC_WARN_64_TO_32_BIT_CONVERSION = YES;
				GCC_WARN_ABOUT_RETURN_TYPE = YES_ERROR;
				GCC_WARN_UNDECLARED_SELECTOR = YES;
				GCC_WARN_UNINITIALIZED_AUTOS = YES_AGGRESSIVE;
				GCC_WARN_UNUSED_FUNCTION = YES;
				GCC_WARN_UNUSED_VARIABLE = YES;
				IPHONEOS_DEPLOYMENT_TARGET = 9.3;
				MTL_ENABLE_DEBUG_INFO = YES;
				ONLY_ACTIVE_ARCH = YES;
				SDKROOT = iphoneos;
				SWIFT_OPTIMIZATION_LEVEL = "-Onone";
			};
			name = Debug;
		};
		304D61001CF6423700694255 /* Release */ = {
			isa = XCBuildConfiguration;
			buildSettings = {
				ALWAYS_SEARCH_USER_PATHS = NO;
				CLANG_ANALYZER_NONNULL = YES;
				CLANG_CXX_LANGUAGE_STANDARD = "gnu++0x";
				CLANG_CXX_LIBRARY = "libc++";
				CLANG_ENABLE_MODULES = YES;
				CLANG_ENABLE_OBJC_ARC = YES;
				CLANG_WARN_BOOL_CONVERSION = YES;
				CLANG_WARN_CONSTANT_CONVERSION = YES;
				CLANG_WARN_DIRECT_OBJC_ISA_USAGE = YES_ERROR;
				CLANG_WARN_EMPTY_BODY = YES;
				CLANG_WARN_ENUM_CONVERSION = YES;
				CLANG_WARN_INT_CONVERSION = YES;
				CLANG_WARN_OBJC_ROOT_CLASS = YES_ERROR;
				CLANG_WARN_UNREACHABLE_CODE = YES;
				CLANG_WARN__DUPLICATE_METHOD_MATCH = YES;
				"CODE_SIGN_IDENTITY[sdk=iphoneos*]" = "iPhone Developer";
				COPY_PHASE_STRIP = NO;
				DEBUG_INFORMATION_FORMAT = "dwarf-with-dsym";
				ENABLE_NS_ASSERTIONS = NO;
				ENABLE_STRICT_OBJC_MSGSEND = YES;
				GCC_C_LANGUAGE_STANDARD = gnu99;
				GCC_NO_COMMON_BLOCKS = YES;
				GCC_WARN_64_TO_32_BIT_CONVERSION = YES;
				GCC_WARN_ABOUT_RETURN_TYPE = YES_ERROR;
				GCC_WARN_UNDECLARED_SELECTOR = YES;
				GCC_WARN_UNINITIALIZED_AUTOS = YES_AGGRESSIVE;
				GCC_WARN_UNUSED_FUNCTION = YES;
				GCC_WARN_UNUSED_VARIABLE = YES;
				IPHONEOS_DEPLOYMENT_TARGET = 9.3;
				MTL_ENABLE_DEBUG_INFO = NO;
				SDKROOT = iphoneos;
				VALIDATE_PRODUCT = YES;
			};
			name = Release;
		};
		304D61021CF6423700694255 /* Debug */ = {
			isa = XCBuildConfiguration;
			buildSettings = {
				ASSETCATALOG_COMPILER_APPICON_NAME = AppIcon;
				INFOPLIST_FILE = ProgrammaticalCameraViewController/Info.plist;
				LD_RUNPATH_SEARCH_PATHS = "$(inherited) @executable_path/Frameworks";
				PRODUCT_BUNDLE_IDENTIFIER = com.romansalazar.ProgrammaticalCameraViewController;
				PRODUCT_NAME = "$(TARGET_NAME)";
			};
			name = Debug;
		};
		304D61031CF6423700694255 /* Release */ = {
			isa = XCBuildConfiguration;
			buildSettings = {
				ASSETCATALOG_COMPILER_APPICON_NAME = AppIcon;
				INFOPLIST_FILE = ProgrammaticalCameraViewController/Info.plist;
				LD_RUNPATH_SEARCH_PATHS = "$(inherited) @executable_path/Frameworks";
				PRODUCT_BUNDLE_IDENTIFIER = com.romansalazar.ProgrammaticalCameraViewController;
				PRODUCT_NAME = "$(TARGET_NAME)";
			};
			name = Release;
		};
/* End XCBuildConfiguration section */

/* Begin XCConfigurationList section */
		304D60EA1CF6423700694255 /* Build configuration list for PBXProject "ProgrammaticalCameraViewController" */ = {
			isa = XCConfigurationList;
			buildConfigurations = (
				304D60FF1CF6423700694255 /* Debug */,
				304D61001CF6423700694255 /* Release */,
			);
			defaultConfigurationIsVisible = 0;
			defaultConfigurationName = Release;
		};
		304D61011CF6423700694255 /* Build configuration list for PBXNativeTarget "ProgrammaticalCameraViewController" */ = {
			isa = XCConfigurationList;
			buildConfigurations = (
				304D61021CF6423700694255 /* Debug */,
				304D61031CF6423700694255 /* Release */,
			);
			defaultConfigurationIsVisible = 0;
		};
/* End XCConfigurationList section */
	};
	rootObject = 304D60E71CF6423700694255 /* Project object */;
}
